
Microsoft Visual Studio Solution File, Format Version 12.00
# Visual Studio Version 17
VisualStudioVersion = 17.6.33829.357
MinimumVisualStudioVersion = 10.0.40219.1
Project("{FAE04EC0-301F-11D3-BF4B-00C04F79EFBC}") = "RabbitMQSignalRConsumer", "RabbitMQSignalRConsumer.csproj", "{72EC15CA-C2C0-49F3-A272-01A6F32BD797}"
EndProject
Global
	GlobalSection(SolutionConfigurationPlatforms) = preSolution
		Debug|Any CPU = Debug|Any CPU
		Release|Any CPU = Release|Any CPU
	EndGlobalSection
	GlobalSection(ProjectConfigurationPlatforms) = postSolution
		{72EC15CA-C2C0-49F3-A272-01A6F32BD797}.Debug|Any CPU.ActiveCfg = Debug|Any CPU
		{72EC15CA-C2C0-49F3-A272-01A6F32BD797}.Debug|Any CPU.Build.0 = Debug|Any CPU
		{72EC15CA-C2C0-49F3-A272-01A6F32BD797}.Release|Any CPU.ActiveCfg = Release|Any CPU
		{72EC15CA-C2C0-49F3-A272-01A6F32BD797}.Release|Any CPU.Build.0 = Release|Any CPU
	EndGlobalSection
	GlobalSection(SolutionProperties) = preSolution
		HideSolutionNode = FALSE
	EndGlobalSection
	GlobalSection(ExtensibilityGlobals) = postSolution
		SolutionGuid = {378D6860-9D79-46F6-85E3-3EF4FB67D896}
	EndGlobalSection
EndGlobal
